
Microsoft Visual Studio Solution File, Format Version 12.00
# Visual Studio Version 17
VisualStudioVersion = 17.4.33213.308
MinimumVisualStudioVersion = 10.0.40219.1
Project("{FAE04EC0-301F-11D3-BF4B-00C04F79EFBC}") = "COMP003A.LectureActivity1", "COMP003A.LectureActivity1\COMP003A.LectureActivity1.csproj", "{7AC003E6-D9EA-413D-9057-626E498AFF8B}"
EndProject
Global
	GlobalSection(SolutionConfigurationPlatforms) = preSolution
		Debug|Any CPU = Debug|Any CPU
		Release|Any CPU = Release|Any CPU
	EndGlobalSection
	GlobalSection(ProjectConfigurationPlatforms) = postSolution
		{7AC003E6-D9EA-413D-9057-626E498AFF8B}.Debug|Any CPU.ActiveCfg = Debug|Any CPU
		{7AC003E6-D9EA-413D-9057-626E498AFF8B}.Debug|Any CPU.Build.0 = Debug|Any CPU
		{7AC003E6-D9EA-413D-9057-626E498AFF8B}.Release|Any CPU.ActiveCfg = Release|Any CPU
		{7AC003E6-D9EA-413D-9057-626E498AFF8B}.Release|Any CPU.Build.0 = Release|Any CPU
	EndGlobalSection
	GlobalSection(SolutionProperties) = preSolution
		HideSolutionNode = FALSE
	EndGlobalSection
	GlobalSection(ExtensibilityGlobals) = postSolution
		SolutionGuid = {14ACD8D0-3AFD-4456-A03D-D1F0ED8708B1}
	EndGlobalSection
EndGlobal
